
Microsoft Visual Studio Solution File, Format Version 12.00
# Visual Studio 15
VisualStudioVersion = 15.0.28307.168
MinimumVisualStudioVersion = 10.0.40219.1
Project("{FAE04EC0-301F-11D3-BF4B-00C04F79EFBC}") = "Hat-Project", "Hat-Project.csproj", "{3530F8B8-6FAD-4942-AEC5-2C45D9EFD037}"
EndProject
Global
	GlobalSection(SolutionConfigurationPlatforms) = preSolution
		Debug|x86 = Debug|x86
		Release|x86 = Release|x86
	EndGlobalSection
	GlobalSection(ProjectConfigurationPlatforms) = postSolution
		{3530F8B8-6FAD-4942-AEC5-2C45D9EFD037}.Debug|x86.ActiveCfg = Debug|x86
		{3530F8B8-6FAD-4942-AEC5-2C45D9EFD037}.Debug|x86.Build.0 = Debug|x86
		{3530F8B8-6FAD-4942-AEC5-2C45D9EFD037}.Release|x86.ActiveCfg = Release|x86
		{3530F8B8-6FAD-4942-AEC5-2C45D9EFD037}.Release|x86.Build.0 = Release|x86
	EndGlobalSection
	GlobalSection(SolutionProperties) = preSolution
		HideSolutionNode = FALSE
	EndGlobalSection
	GlobalSection(ExtensibilityGlobals) = postSolution
		SolutionGuid = {69BAACCA-F32D-4205-8C43-0FE6F500165D}
	EndGlobalSection
EndGlobal
